Microsoft Visual Studio Solution File, Format Version 12.00
# Visual Studio Version 16
Project("{FAE04EC0-301F-11D3-BF4B-00C04F79EFBC}") = "Bootstrap.Avalonia.Toolkit", "Bootstrap.Avalonia.Toolkit\Bootstrap.Avalonia.Toolkit.csproj", "{6010E639-F554-4E13-811D-FC2CB14759B3}"
EndProject
Global
	GlobalSection(SolutionConfigurationPlatforms) = preSolution
		Debug|Any CPU = Debug|Any CPU
		Release|Any CPU = Release|Any CPU
	EndGlobalSection
	GlobalSection(ProjectConfigurationPlatforms) = postSolution
		{6010E639-F554-4E13-811D-FC2CB14759B3}.Debug|Any CPU.ActiveCfg = Debug|Any CPU
		{6010E639-F554-4E13-811D-FC2CB14759B3}.Debug|Any CPU.Build.0 = Debug|Any CPU
		{6010E639-F554-4E13-811D-FC2CB14759B3}.Release|Any CPU.ActiveCfg = Release|Any CPU
		{6010E639-F554-4E13-811D-FC2CB14759B3}.Release|Any CPU.Build.0 = Release|Any CPU
	EndGlobalSection
EndGlobal